
Microsoft Visual Studio Solution File, Format Version 12.00
# Visual Studio 15
VisualStudioVersion = 15.0.26730.16
MinimumVisualStudioVersion = 10.0.40219.1
Project("{FAE04EC0-301F-11D3-BF4B-00C04F79EFBC}") = "S02 L12 Code Regions", "S2 L12 Code Regions\S02 L12 Code Regions.csproj", "{626DFE07-8A88-42E7-9DD5-494C88BE204C}"
EndProject
Project("{FAE04EC0-301F-11D3-BF4B-00C04F79EFBC}") = "S03 L20 Classes and Objects Example", "S03 L20 Classes and Objects Example\S03 L20 Classes and Objects Example.csproj", "{76589710-6D6E-4C90-8A8E-3FFD5FF38035}"
EndProject
Project("{FAE04EC0-301F-11D3-BF4B-00C04F79EFBC}") = "S03 L24 Collections and Arrays", "S03 L24 Collections and Arrays\S03 L24 Collections and Arrays.csproj", "{174D8B4F-EDC0-45A6-91A7-34616351FE75}"
EndProject
Project("{FAE04EC0-301F-11D3-BF4B-00C04F79EFBC}") = "S03 L27 Exceptions Handling", "S03 L27 Exceptions Handling\S03 L27 Exceptions Handling.csproj", "{38A591D6-08E9-4303-A06B-1310759C3896}"
EndProject
Project("{FAE04EC0-301F-11D3-BF4B-00C04F79EFBC}") = "S03 L28 String Builder Example", "S03 L28 String Builder Example\S03 L28 String Builder Example.csproj", "{851C2F82-CD45-4761-80D6-B254A103EAC4}"
EndProject
Project("{FAE04EC0-301F-11D3-BF4B-00C04F79EFBC}") = "S03 L30 StringWriter and StringReader", "S03 L30 StringWriter and StringReader\S03 L30 StringWriter and StringReader.csproj", "{C9279262-059D-432C-A4FC-3F5FF8813220}"
EndProject
Project("{FAE04EC0-301F-11D3-BF4B-00C04F79EFBC}") = "S04 L33 Using Properties and Fields", "S04 L33 Using Properties and Fields\S04 L33 Using Properties and Fields.csproj", "{A7E263CC-A312-472B-A80A-6293E5DE61A5}"
EndProject
Project("{FAE04EC0-301F-11D3-BF4B-00C04F79EFBC}") = "S04 L37 Joa Named and Optional Arguments", "S03 L37 Joa Named and Optional Arguments\S04 L37 Joa Named and Optional Arguments.csproj", "{24689809-0465-44E3-8B73-1B6472EC22E1}"
EndProject
Project("{FAE04EC0-301F-11D3-BF4B-00C04F79EFBC}") = "S04 L39 Using Constructors", "S04 L39 Using Constructors\S04 L39 Using Constructors.csproj", "{CBCD1040-1B45-4181-9DD3-F28D9344D580}"
EndProject
Project("{FAE04EC0-301F-11D3-BF4B-00C04F79EFBC}") = "S04 L40 Static Example", "S04 L40 Static Example\S04 L40 Static Example.csproj", "{4954CF8A-7EC1-475A-87A7-B46AE50E919C}"
EndProject
Project("{FAE04EC0-301F-11D3-BF4B-00C04F79EFBC}") = "S04 L42 Struct Example", "S04 L42 Struct Example\S04 L42 Struct Example.csproj", "{0565CD34-F419-4EA7-B99A-A6644D6E052C}"
EndProject
Project("{FAE04EC0-301F-11D3-BF4B-00C04F79EFBC}") = "S04 L43 Generics Example", "S04 L43 Generics Example\S04 L43 Generics Example.csproj", "{6C843646-835C-4EB5-8993-ACD0B3BBF245}"
EndProject
Global
	GlobalSection(SolutionConfigurationPlatforms) = preSolution
		Debug|Any CPU = Debug|Any CPU
		Release|Any CPU = Release|Any CPU
	EndGlobalSection
	GlobalSection(ProjectConfigurationPlatforms) = postSolution
		{626DFE07-8A88-42E7-9DD5-494C88BE204C}.Debug|Any CPU.ActiveCfg = Debug|Any CPU
		{626DFE07-8A88-42E7-9DD5-494C88BE204C}.Debug|Any CPU.Build.0 = Debug|Any CPU
		{626DFE07-8A88-42E7-9DD5-494C88BE204C}.Release|Any CPU.ActiveCfg = Release|Any CPU
		{626DFE07-8A88-42E7-9DD5-494C88BE204C}.Release|Any CPU.Build.0 = Release|Any CPU
		{76589710-6D6E-4C90-8A8E-3FFD5FF38035}.Debug|Any CPU.ActiveCfg = Debug|Any CPU
		{76589710-6D6E-4C90-8A8E-3FFD5FF38035}.Debug|Any CPU.Build.0 = Debug|Any CPU
		{76589710-6D6E-4C90-8A8E-3FFD5FF38035}.Release|Any CPU.ActiveCfg = Release|Any CPU
		{76589710-6D6E-4C90-8A8E-3FFD5FF38035}.Release|Any CPU.Build.0 = Release|Any CPU
		{174D8B4F-EDC0-45A6-91A7-34616351FE75}.Debug|Any CPU.ActiveCfg = Debug|Any CPU
		{174D8B4F-EDC0-45A6-91A7-34616351FE75}.Debug|Any CPU.Build.0 = Debug|Any CPU
		{174D8B4F-EDC0-45A6-91A7-34616351FE75}.Release|Any CPU.ActiveCfg = Release|Any CPU
		{174D8B4F-EDC0-45A6-91A7-34616351FE75}.Release|Any CPU.Build.0 = Release|Any CPU
		{38A591D6-08E9-4303-A06B-1310759C3896}.Debug|Any CPU.ActiveCfg = Debug|Any CPU
		{38A591D6-08E9-4303-A06B-1310759C3896}.Debug|Any CPU.Build.0 = Debug|Any CPU
		{38A591D6-08E9-4303-A06B-1310759C3896}.Release|Any CPU.ActiveCfg = Release|Any CPU
		{38A591D6-08E9-4303-A06B-1310759C3896}.Release|Any CPU.Build.0 = Release|Any CPU
		{851C2F82-CD45-4761-80D6-B254A103EAC4}.Debug|Any CPU.ActiveCfg = Debug|Any CPU
		{851C2F82-CD45-4761-80D6-B254A103EAC4}.Debug|Any CPU.Build.0 = Debug|Any CPU
		{851C2F82-CD45-4761-80D6-B254A103EAC4}.Release|Any CPU.ActiveCfg = Release|Any CPU
		{851C2F82-CD45-4761-80D6-B254A103EAC4}.Release|Any CPU.Build.0 = Release|Any CPU
		{C9279262-059D-432C-A4FC-3F5FF8813220}.Debug|Any CPU.ActiveCfg = Debug|Any CPU
		{C9279262-059D-432C-A4FC-3F5FF8813220}.Debug|Any CPU.Build.0 = Debug|Any CPU
		{C9279262-059D-432C-A4FC-3F5FF8813220}.Release|Any CPU.ActiveCfg = Release|Any CPU
		{C9279262-059D-432C-A4FC-3F5FF8813220}.Release|Any CPU.Build.0 = Release|Any CPU
		{A7E263CC-A312-472B-A80A-6293E5DE61A5}.Debug|Any CPU.ActiveCfg = Debug|Any CPU
		{A7E263CC-A312-472B-A80A-6293E5DE61A5}.Debug|Any CPU.Build.0 = Debug|Any CPU
		{A7E263CC-A312-472B-A80A-6293E5DE61A5}.Release|Any CPU.ActiveCfg = Release|Any CPU
		{A7E263CC-A312-472B-A80A-6293E5DE61A5}.Release|Any CPU.Build.0 = Release|Any CPU
		{24689809-0465-44E3-8B73-1B6472EC22E1}.Debug|Any CPU.ActiveCfg = Debug|Any CPU
		{24689809-0465-44E3-8B73-1B6472EC22E1}.Debug|Any CPU.Build.0 = Debug|Any CPU
		{24689809-0465-44E3-8B73-1B6472EC22E1}.Release|Any CPU.ActiveCfg = Release|Any CPU
		{24689809-0465-44E3-8B73-1B6472EC22E1}.Release|Any CPU.Build.0 = Release|Any CPU
		{CBCD1040-1B45-4181-9DD3-F28D9344D580}.Debug|Any CPU.ActiveCfg = Debug|Any CPU
		{CBCD1040-1B45-4181-9DD3-F28D9344D580}.Debug|Any CPU.Build.0 = Debug|Any CPU
		{CBCD1040-1B45-4181-9DD3-F28D9344D580}.Release|Any CPU.ActiveCfg = Release|Any CPU
		{CBCD1040-1B45-4181-9DD3-F28D9344D580}.Release|Any CPU.Build.0 = Release|Any CPU
		{4954CF8A-7EC1-475A-87A7-B46AE50E919C}.Debug|Any CPU.ActiveCfg = Debug|Any CPU
		{4954CF8A-7EC1-475A-87A7-B46AE50E919C}.Debug|Any CPU.Build.0 = Debug|Any CPU
		{4954CF8A-7EC1-475A-87A7-B46AE50E919C}.Release|Any CPU.ActiveCfg = Release|Any CPU
		{4954CF8A-7EC1-475A-87A7-B46AE50E919C}.Release|Any CPU.Build.0 = Release|Any CPU
		{0565CD34-F419-4EA7-B99A-A6644D6E052C}.Debug|Any CPU.ActiveCfg = Debug|Any CPU
		{0565CD34-F419-4EA7-B99A-A6644D6E052C}.Debug|Any CPU.Build.0 = Debug|Any CPU
		{0565CD34-F419-4EA7-B99A-A6644D6E052C}.Release|Any CPU.ActiveCfg = Release|Any CPU
		{0565CD34-F419-4EA7-B99A-A6644D6E052C}.Release|Any CPU.Build.0 = Release|Any CPU
		{6C843646-835C-4EB5-8993-ACD0B3BBF245}.Debug|Any CPU.ActiveCfg = Debug|Any CPU
		{6C843646-835C-4EB5-8993-ACD0B3BBF245}.Debug|Any CPU.Build.0 = Debug|Any CPU
		{6C843646-835C-4EB5-8993-ACD0B3BBF245}.Release|Any CPU.ActiveCfg = Release|Any CPU
		{6C843646-835C-4EB5-8993-ACD0B3BBF245}.Release|Any CPU.Build.0 = Release|Any CPU
	EndGlobalSection
	GlobalSection(SolutionProperties) = preSolution
		HideSolutionNode = FALSE
	EndGlobalSection
	GlobalSection(ExtensibilityGlobals) = postSolution
		SolutionGuid = {CEF93F2B-FD63-4FCC-9D74-2F9F0320A10C}
	EndGlobalSection
EndGlobal
